
Microsoft Visual Studio Solution File, Format Version 12.00
# Visual Studio 14
VisualStudioVersion = 14.0.25420.1
MinimumVisualStudioVersion = 10.0.40219.1
Project("{FAE04EC0-301F-11D3-BF4B-00C04F79EFBC}") = "DPayd", "WindowsFormsApplication1\DPayd.csproj", "{DBE1F971-F1AB-42E6-A887-F42B8850D2AB}"
EndProject
Global
	GlobalSection(SolutionConfigurationPlatforms) = preSolution
		Debug|Any CPU = Debug|Any CPU
		Release|Any CPU = Release|Any CPU
	EndGlobalSection
	GlobalSection(ProjectConfigurationPlatforms) = postSolution
		{DBE1F971-F1AB-42E6-A887-F42B8850D2AB}.Debug|Any CPU.ActiveCfg = Debug|Any CPU
		{DBE1F971-F1AB-42E6-A887-F42B8850D2AB}.Debug|Any CPU.Build.0 = Debug|Any CPU
		{DBE1F971-F1AB-42E6-A887-F42B8850D2AB}.Release|Any CPU.ActiveCfg = Release|Any CPU
		{DBE1F971-F1AB-42E6-A887-F42B8850D2AB}.Release|Any CPU.Build.0 = Release|Any CPU
	EndGlobalSection
	GlobalSection(SolutionProperties) = preSolution
		HideSolutionNode = FALSE
	EndGlobalSection
EndGlobal
